
Microsoft Visual Studio Solution File, Format Version 12.00
# Visual Studio Version 17
VisualStudioVersion = 17.3.32901.215
MinimumVisualStudioVersion = 10.0.40219.1
Project("{FAE04EC0-301F-11D3-BF4B-00C04F79EFBC}") = "if-else-örnek", "if-else-örnek\if-else-örnek.csproj", "{C578499A-0196-4B28-BB2E-7F2291F0A82B}"
EndProject
Global
	GlobalSection(SolutionConfigurationPlatforms) = preSolution
		Debug|Any CPU = Debug|Any CPU
		Release|Any CPU = Release|Any CPU
	EndGlobalSection
	GlobalSection(ProjectConfigurationPlatforms) = postSolution
		{C578499A-0196-4B28-BB2E-7F2291F0A82B}.Debug|Any CPU.ActiveCfg = Debug|Any CPU
		{C578499A-0196-4B28-BB2E-7F2291F0A82B}.Debug|Any CPU.Build.0 = Debug|Any CPU
		{C578499A-0196-4B28-BB2E-7F2291F0A82B}.Release|Any CPU.ActiveCfg = Release|Any CPU
		{C578499A-0196-4B28-BB2E-7F2291F0A82B}.Release|Any CPU.Build.0 = Release|Any CPU
	EndGlobalSection
	GlobalSection(SolutionProperties) = preSolution
		HideSolutionNode = FALSE
	EndGlobalSection
	GlobalSection(ExtensibilityGlobals) = postSolution
		SolutionGuid = {FFDBE4D8-BBCA-4588-811C-5A2BFA8A732F}
	EndGlobalSection
EndGlobal
